// !$*UTF8*$!
{
	archiveVersion = 1;
	classes = {
	};
	objectVersion = 46;
	objects = {

/* Begin PBXBuildFile section */
		4927A94015F43040001E72C6 /* libOCMock.a in Frameworks */ = {isa = PBXBuildFile; fileRef = 4927A93715F43038001E72C6 /* libOCMock.a */; };
		4927E6DA15E9B33500AADD70 /* RouteFetcherSpec.m in Sources */ = {isa = PBXBuildFile; fileRef = 4927E6D915E9B33500AADD70 /* RouteFetcherSpec.m */; };
		493809E015E995D600CAD3F1 /* StopsActivityIndicatorView.m in Sources */ = {isa = PBXBuildFile; fileRef = 493809DF15E995D600CAD3F1 /* StopsActivityIndicatorView.m */; };
		493809E215E995D600CAD3F1 /* StopsActivityIndicatorView.m in Sources */ = {isa = PBXBuildFile; fileRef = 493809DF15E995D600CAD3F1 /* StopsActivityIndicatorView.m */; };
		493CC8E915E9C31A0056A257 /* DirectionSpec.m in Sources */ = {isa = PBXBuildFile; fileRef = 493CC8E815E9C31A0056A257 /* DirectionSpec.m */; };
		494CB60E15F1C20300152AB3 /* Stop.m in Sources */ = {isa = PBXBuildFile; fileRef = 494CB60D15F1C20300152AB3 /* Stop.m */; };
		494CB61015F1C20300152AB3 /* Stop.m in Sources */ = {isa = PBXBuildFile; fileRef = 494CB60D15F1C20300152AB3 /* Stop.m */; };
		494CB61415F1C79E00152AB3 /* StopSpec.m in Sources */ = {isa = PBXBuildFile; fileRef = 494CB61315F1C79E00152AB3 /* StopSpec.m */; };
		4958F54415FC69240032A0F1 /* NextBusPredictor.m in Sources */ = {isa = PBXBuildFile; fileRef = 4958F54315FC69230032A0F1 /* NextBusPredictor.m */; };
		4958F54515FC69240032A0F1 /* NextBusPredictor.m in Sources */ = {isa = PBXBuildFile; fileRef = 4958F54315FC69230032A0F1 /* NextBusPredictor.m */; };
		4958F54815FCEB170032A0F1 /* Prediction.m in Sources */ = {isa = PBXBuildFile; fileRef = 4958F54715FCEB170032A0F1 /* Prediction.m */; };
		4958F54915FCEB170032A0F1 /* Prediction.m in Sources */ = {isa = PBXBuildFile; fileRef = 4958F54715FCEB170032A0F1 /* Prediction.m */; };
		4958F54C15FCEBA10032A0F1 /* PredictionSpec.m in Sources */ = {isa = PBXBuildFile; fileRef = 4958F54B15FCEBA10032A0F1 /* PredictionSpec.m */; };
		4958F55015FCF7FC0032A0F1 /* NextBusPredictorSpec.m in Sources */ = {isa = PBXBuildFile; fileRef = 4958F54F15FCF7FC0032A0F1 /* NextBusPredictorSpec.m */; };
		497A5D9715F3C52F003F70EA /* ActivityIndicator.m in Sources */ = {isa = PBXBuildFile; fileRef = 497A5D9615F3C52F003F70EA /* ActivityIndicator.m */; };
		497A5D9815F3C52F003F70EA /* ActivityIndicator.m in Sources */ = {isa = PBXBuildFile; fileRef = 497A5D9615F3C52F003F70EA /* ActivityIndicator.m */; };
		497A5D9B15F3C66A003F70EA /* ActivityIndicatorSpec.m in Sources */ = {isa = PBXBuildFile; fileRef = 497A5D9A15F3C66A003F70EA /* ActivityIndicatorSpec.m */; };
		497B641615EAEC820050CC2A /* FakeRouteRecipient.m in Sources */ = {isa = PBXBuildFile; fileRef = 497B641515EAEC820050CC2A /* FakeRouteRecipient.m */; };
		49965EB415E954F1008B516D /* UIKit.framework in Frameworks */ = {isa = PBXBuildFile; fileRef = 49965EB315E954F1008B516D /* UIKit.framework */; };
		49965EB615E954F1008B516D /* Foundation.framework in Frameworks */ = {isa = PBXBuildFile; fileRef = 49965EB515E954F1008B516D /* Foundation.framework */; };
		49965EB815E954F1008B516D /* CoreGraphics.framework in Frameworks */ = {isa = PBXBuildFile; fileRef = 49965EB715E954F1008B516D /* CoreGraphics.framework */; };
		49965EBE15E954F1008B516D /* InfoPlist.strings in Resources */ = {isa = PBXBuildFile; fileRef = 49965EBC15E954F1008B516D /* InfoPlist.strings */; };
		49965EC015E954F1008B516D /* main.m in Sources */ = {isa = PBXBuildFile; fileRef = 49965EBF15E954F1008B516D /* main.m */; };
		49965EC415E954F1008B516D /* AppDelegate.m in Sources */ = {isa = PBXBuildFile; fileRef = 49965EC315E954F1008B516D /* AppDelegate.m */; };
		49965ECC15E954F1008B516D /* SenTestingKit.framework in Frameworks */ = {isa = PBXBuildFile; fileRef = 49965ECB15E954F1008B516D /* SenTestingKit.framework */; };
		49965ECD15E954F1008B516D /* UIKit.framework in Frameworks */ = {isa = PBXBuildFile; fileRef = 49965EB315E954F1008B516D /* UIKit.framework */; };
		49965ECE15E954F1008B516D /* Foundation.framework in Frameworks */ = {isa = PBXBuildFile; fileRef = 49965EB515E954F1008B516D /* Foundation.framework */; };
		49965ED615E954F1008B516D /* InfoPlist.strings in Resources */ = {isa = PBXBuildFile; fileRef = 49965ED415E954F1008B516D /* InfoPlist.strings */; };
		49965ED915E954F1008B516D /* NextArrivalSpec.m in Sources */ = {isa = PBXBuildFile; fileRef = 49965ED815E954F1008B516D /* NextArrivalSpec.m */; };
		49965EF715E95B94008B516D /* libKiwi.a in Frameworks */ = {isa = PBXBuildFile; fileRef = 49965EEE15E956A0008B516D /* libKiwi.a */; };
		49965EFB15E95C4D008B516D /* NextArrivalViewController.m in Sources */ = {isa = PBXBuildFile; fileRef = 49965EFA15E95C4D008B516D /* NextArrivalViewController.m */; };
		49965F0015E96069008B516D /* NextBusRouteFetcher.m in Sources */ = {isa = PBXBuildFile; fileRef = 49965EFF15E96069008B516D /* NextBusRouteFetcher.m */; };
		49965F0D15E9666D008B516D /* main.m in Sources */ = {isa = PBXBuildFile; fileRef = 49965EBF15E954F1008B516D /* main.m */; };
		49965F0E15E9666D008B516D /* AppDelegate.m in Sources */ = {isa = PBXBuildFile; fileRef = 49965EC315E954F1008B516D /* AppDelegate.m */; };
		49965F0F15E9666D008B516D /* NextArrivalViewController.m in Sources */ = {isa = PBXBuildFile; fileRef = 49965EFA15E95C4D008B516D /* NextArrivalViewController.m */; };
		49965F1015E9666D008B516D /* NextBusRouteFetcher.m in Sources */ = {isa = PBXBuildFile; fileRef = 49965EFF15E96069008B516D /* NextBusRouteFetcher.m */; };
		49965F1215E9666D008B516D /* UIKit.framework in Frameworks */ = {isa = PBXBuildFile; fileRef = 49965EB315E954F1008B516D /* UIKit.framework */; };
		49965F1315E9666D008B516D /* Foundation.framework in Frameworks */ = {isa = PBXBuildFile; fileRef = 49965EB515E954F1008B516D /* Foundation.framework */; };
		49965F1415E9666D008B516D /* CoreGraphics.framework in Frameworks */ = {isa = PBXBuildFile; fileRef = 49965EB715E954F1008B516D /* CoreGraphics.framework */; };
		49965F1615E9666D008B516D /* InfoPlist.strings in Resources */ = {isa = PBXBuildFile; fileRef = 49965EBC15E954F1008B516D /* InfoPlist.strings */; };
		49965F1D15E9669B008B516D /* libKIF.a in Frameworks */ = {isa = PBXBuildFile; fileRef = 49965F0A15E9665D008B516D /* libKIF.a */; };
		49965F2115E9673F008B516D /* STestController.m in Sources */ = {isa = PBXBuildFile; fileRef = 49965F2015E9673F008B516D /* STestController.m */; };
		49965F2415E9678F008B516D /* KIFTestScenario+SAdditions.m in Sources */ = {isa = PBXBuildFile; fileRef = 49965F2315E9678F008B516D /* KIFTestScenario+SAdditions.m */; };
		49965F2715E9686F008B516D /* KIFTestStep+SAdditions.m in Sources */ = {isa = PBXBuildFile; fileRef = 49965F2615E9686F008B516D /* KIFTestStep+SAdditions.m */; };
		499CEFF715E99D29000AECBF /* Direction.m in Sources */ = {isa = PBXBuildFile; fileRef = 499CEFF615E99D29000AECBF /* Direction.m */; };
		499CEFF915E99D29000AECBF /* Direction.m in Sources */ = {isa = PBXBuildFile; fileRef = 499CEFF615E99D29000AECBF /* Direction.m */; };
		49A1718415E9979F008ED4C9 /* RouteField.m in Sources */ = {isa = PBXBuildFile; fileRef = 49A1718315E9979F008ED4C9 /* RouteField.m */; };
		49A1718615E9979F008ED4C9 /* RouteField.m in Sources */ = {isa = PBXBuildFile; fileRef = 49A1718315E9979F008ED4C9 /* RouteField.m */; };
		49A1718915E99872008ED4C9 /* MainSubmitButton.m in Sources */ = {isa = PBXBuildFile; fileRef = 49A1718815E99872008ED4C9 /* MainSubmitButton.m */; };
		49A1718B15E99872008ED4C9 /* MainSubmitButton.m in Sources */ = {isa = PBXBuildFile; fileRef = 49A1718815E99872008ED4C9 /* MainSubmitButton.m */; };
		49EB73C515EAD06200A3F520 /* 43directionsresponse.xml in Resources */ = {isa = PBXBuildFile; fileRef = 49EB73C115EAC8F500A3F520 /* 43directionsresponse.xml */; };
		49EB73C815EAD0D900A3F520 /* XMLFixture.m in Sources */ = {isa = PBXBuildFile; fileRef = 49EB73C715EAD0D900A3F520 /* XMLFixture.m */; };
/* End PBXBuildFile section */

/* Begin PBXContainerItemProxy section */
		49965ECF15E954F1008B516D /* PBXContainerItemProxy */ = {
			isa = PBXContainerItemProxy;
			containerPortal = 49965EA615E954F1008B516D /* Project object */;
			proxyType = 1;
			remoteGlobalIDString = 49965EAE15E954F1008B516D;
			remoteInfo = Stops;
		};
		49965EED15E956A0008B516D /* PBXContainerItemProxy */ = {
			isa = PBXContainerItemProxy;
			containerPortal = 49965EE215E956A0008B516D /* Kiwi.xcodeproj */;
			proxyType = 2;
			remoteGlobalIDString = F5015B9F11583A77002E9A98;
			remoteInfo = Kiwi;
		};
		49965EEF15E956A0008B516D /* PBXContainerItemProxy */ = {
			isa = PBXContainerItemProxy;
			containerPortal = 49965EE215E956A0008B516D /* Kiwi.xcodeproj */;
			proxyType = 2;
			remoteGlobalIDString = 832C83C7157263B300F160D5;
			remoteInfo = "Kiwi-OSX";
		};
		49965EF115E956A0008B516D /* PBXContainerItemProxy */ = {
			isa = PBXContainerItemProxy;
			containerPortal = 49965EE215E956A0008B516D /* Kiwi.xcodeproj */;
			proxyType = 2;
			remoteGlobalIDString = F5015C9E11584017002E9A98;
			remoteInfo = KiwiTests;
		};
		49965EF315E956A0008B516D /* PBXContainerItemProxy */ = {
			isa = PBXContainerItemProxy;
			containerPortal = 49965EE215E956A0008B516D /* Kiwi.xcodeproj */;
			proxyType = 2;
			remoteGlobalIDString = A3B16542139967B800E9CC6E;
			remoteInfo = KiwiExamples;
		};
		49965F0915E9665D008B516D /* PBXContainerItemProxy */ = {
			isa = PBXContainerItemProxy;
			containerPortal = 49965F0215E9665D008B516D /* KIF.xcodeproj */;
			proxyType = 2;
			remoteGlobalIDString = AAB07268139719AC008AF393;
			remoteInfo = KIF;
		};
/* End PBXContainerItemProxy section */

/* Begin PBXFileReference section */
		4927A93715F43038001E72C6 /* libOCMock.a */ = {isa = PBXFileReference; lastKnownFileType = archive.ar; path = libOCMock.a; sourceTree = "<group>"; };
		4927A93915F43038001E72C6 /* NSNotificationCenter+OCMAdditions.h */ = {isa = PBXFileReference; fileEncoding = 4; lastKnownFileType = sourcecode.c.h; path = "NSNotificationCenter+OCMAdditions.h"; sourceTree = "<group>"; };
		4927A93A15F43038001E72C6 /* OCMArg.h */ = {isa = PBXFileReference; fileEncoding = 4; lastKnownFileType = sourcecode.c.h; path = OCMArg.h; sourceTree = "<group>"; };
		4927A93B15F43038001E72C6 /* OCMConstraint.h */ = {isa = PBXFileReference; fileEncoding = 4; lastKnownFileType = sourcecode.c.h; path = OCMConstraint.h; sourceTree = "<group>"; };
		4927A93C15F43038001E72C6 /* OCMock.h */ = {isa = PBXFileReference; fileEncoding = 4; lastKnownFileType = sourcecode.c.h; path = OCMock.h; sourceTree = "<group>"; };
		4927A93D15F43038001E72C6 /* OCMockObject.h */ = {isa = PBXFileReference; fileEncoding = 4; lastKnownFileType = sourcecode.c.h; path = OCMockObject.h; sourceTree = "<group>"; };
		4927A93E15F43038001E72C6 /* OCMockRecorder.h */ = {isa = PBXFileReference; fileEncoding = 4; lastKnownFileType = sourcecode.c.h; path = OCMockRecorder.h; sourceTree = "<group>"; };
		4927E6D915E9B33500AADD70 /* RouteFetcherSpec.m */ = {isa = PBXFileReference; fileEncoding = 4; lastKnownFileType = sourcecode.c.objc; path = RouteFetcherSpec.m; sourceTree = "<group>"; };
		4927E6E215E9B88000AADD70 /* DirectionRecipient.h */ = {isa = PBXFileReference; fileEncoding = 4; lastKnownFileType = sourcecode.c.h; path = DirectionRecipient.h; sourceTree = "<group>"; };
		493809DE15E995D600CAD3F1 /* StopsActivityIndicatorView.h */ = {isa = PBXFileReference; fileEncoding = 4; lastKnownFileType = sourcecode.c.h; path = StopsActivityIndicatorView.h; sourceTree = "<group>"; };
		493809DF15E995D600CAD3F1 /* StopsActivityIndicatorView.m */ = {isa = PBXFileReference; fileEncoding = 4; lastKnownFileType = sourcecode.c.objc; path = StopsActivityIndicatorView.m; sourceTree = "<group>"; };
		493CC8E815E9C31A0056A257 /* DirectionSpec.m */ = {isa = PBXFileReference; fileEncoding = 4; lastKnownFileType = sourcecode.c.objc; path = DirectionSpec.m; sourceTree = "<group>"; };
		494CB60C15F1C20300152AB3 /* Stop.h */ = {isa = PBXFileReference; fileEncoding = 4; lastKnownFileType = sourcecode.c.h; path = Stop.h; sourceTree = "<group>"; };
		494CB60D15F1C20300152AB3 /* Stop.m */ = {isa = PBXFileReference; fileEncoding = 4; lastKnownFileType = sourcecode.c.objc; path = Stop.m; sourceTree = "<group>"; };
		494CB61315F1C79E00152AB3 /* StopSpec.m */ = {isa = PBXFileReference; fileEncoding = 4; lastKnownFileType = sourcecode.c.objc; path = StopSpec.m; sourceTree = "<group>"; };
		4958F53D15FC59FB0032A0F1 /* Predictor.h */ = {isa = PBXFileReference; fileEncoding = 4; lastKnownFileType = sourcecode.c.h; path = Predictor.h; sourceTree = "<group>"; };
		4958F54215FC69230032A0F1 /* NextBusPredictor.h */ = {isa = PBXFileReference; fileEncoding = 4; lastKnownFileType = sourcecode.c.h; path = NextBusPredictor.h; sourceTree = "<group>"; };
		4958F54315FC69230032A0F1 /* NextBusPredictor.m */ = {isa = PBXFileReference; fileEncoding = 4; lastKnownFileType = sourcecode.c.objc; path = NextBusPredictor.m; sourceTree = "<group>"; };
		4958F54615FCEB170032A0F1 /* Prediction.h */ = {isa = PBXFileReference; fileEncoding = 4; lastKnownFileType = sourcecode.c.h; path = Prediction.h; sourceTree = "<group>"; };
		4958F54715FCEB170032A0F1 /* Prediction.m */ = {isa = PBXFileReference; fileEncoding = 4; lastKnownFileType = sourcecode.c.objc; path = Prediction.m; sourceTree = "<group>"; };
		4958F54B15FCEBA10032A0F1 /* PredictionSpec.m */ = {isa = PBXFileReference; fileEncoding = 4; lastKnownFileType = sourcecode.c.objc; path = PredictionSpec.m; sourceTree = "<group>"; };
		4958F54D15FCEC670032A0F1 /* PredictionRecipient.h */ = {isa = PBXFileReference; fileEncoding = 4; lastKnownFileType = sourcecode.c.h; path = PredictionRecipient.h; sourceTree = "<group>"; };
		4958F54F15FCF7FC0032A0F1 /* NextBusPredictorSpec.m */ = {isa = PBXFileReference; fileEncoding = 4; lastKnownFileType = sourcecode.c.objc; path = NextBusPredictorSpec.m; sourceTree = "<group>"; };
		497A5D9315F3BCF0003F70EA /* ActivityDelegate.h */ = {isa = PBXFileReference; fileEncoding = 4; lastKnownFileType = sourcecode.c.h; path = ActivityDelegate.h; sourceTree = "<group>"; };
		497A5D9515F3C52F003F70EA /* ActivityIndicator.h */ = {isa = PBXFileReference; fileEncoding = 4; lastKnownFileType = sourcecode.c.h; path = ActivityIndicator.h; sourceTree = "<group>"; };
		497A5D9615F3C52F003F70EA /* ActivityIndicator.m */ = {isa = PBXFileReference; fileEncoding = 4; lastKnownFileType = sourcecode.c.objc; path = ActivityIndicator.m; sourceTree = "<group>"; };
		497A5D9A15F3C66A003F70EA /* ActivityIndicatorSpec.m */ = {isa = PBXFileReference; fileEncoding = 4; lastKnownFileType = sourcecode.c.objc; path = ActivityIndicatorSpec.m; sourceTree = "<group>"; };
		497B641415EAEC820050CC2A /* FakeRouteRecipient.h */ = {isa = PBXFileReference; fileEncoding = 4; lastKnownFileType = sourcecode.c.h; path = FakeRouteRecipient.h; sourceTree = "<group>"; };
		497B641515EAEC820050CC2A /* FakeRouteRecipient.m */ = {isa = PBXFileReference; fileEncoding = 4; lastKnownFileType = sourcecode.c.objc; path = FakeRouteRecipient.m; sourceTree = "<group>"; };
		49965EAF15E954F1008B516D /* Stops.app */ = {isa = PBXFileReference; explicitFileType = wrapper.application; includeInIndex = 0; path = Stops.app; sourceTree = BUILT_PRODUCTS_DIR; };
		49965EB315E954F1008B516D /* UIKit.framework */ = {isa = PBXFileReference; lastKnownFileType = wrapper.framework; name = UIKit.framework; path = System/Library/Frameworks/UIKit.framework; sourceTree = SDKROOT; };
		49965EB515E954F1008B516D /* Foundation.framework */ = {isa = PBXFileReference; lastKnownFileType = wrapper.framework; name = Foundation.framework; path = System/Library/Frameworks/Foundation.framework; sourceTree = SDKROOT; };
		49965EB715E954F1008B516D /* CoreGraphics.framework */ = {isa = PBXFileReference; lastKnownFileType = wrapper.framework; name = CoreGraphics.framework; path = System/Library/Frameworks/CoreGraphics.framework; sourceTree = SDKROOT; };
		49965EBB15E954F1008B516D /* Stops-Info.plist */ = {isa = PBXFileReference; lastKnownFileType = text.plist.xml; path = "Stops-Info.plist"; sourceTree = "<group>"; };
		49965EBD15E954F1008B516D /* en */ = {isa = PBXFileReference; lastKnownFileType = text.plist.strings; name = en; path = en.lproj/InfoPlist.strings; sourceTree = "<group>"; };
		49965EBF15E954F1008B516D /* main.m */ = {isa = PBXFileReference; lastKnownFileType = sourcecode.c.objc; path = main.m; sourceTree = "<group>"; };
		49965EC115E954F1008B516D /* Stops-Prefix.pch */ = {isa = PBXFileReference; lastKnownFileType = sourcecode.c.h; path = "Stops-Prefix.pch"; sourceTree = "<group>"; };
		49965EC215E954F1008B516D /* AppDelegate.h */ = {isa = PBXFileReference; lastKnownFileType = sourcecode.c.h; path = AppDelegate.h; sourceTree = "<group>"; };
		49965EC315E954F1008B516D /* AppDelegate.m */ = {isa = PBXFileReference; lastKnownFileType = sourcecode.c.objc; path = AppDelegate.m; sourceTree = "<group>"; };
		49965ECA15E954F1008B516D /* StopsTests.octest */ = {isa = PBXFileReference; explicitFileType = wrapper.cfbundle; includeInIndex = 0; path = StopsTests.octest; sourceTree = BUILT_PRODUCTS_DIR; };
		49965ECB15E954F1008B516D /* SenTestingKit.framework */ = {isa = PBXFileReference; lastKnownFileType = wrapper.framework; name = SenTestingKit.framework; path = Library/Frameworks/SenTestingKit.framework; sourceTree = DEVELOPER_DIR; };
		49965ED315E954F1008B516D /* StopsTests-Info.plist */ = {isa = PBXFileReference; lastKnownFileType = text.plist.xml; path = "StopsTests-Info.plist"; sourceTree = "<group>"; };
		49965ED515E954F1008B516D /* en */ = {isa = PBXFileReference; lastKnownFileType = text.plist.strings; name = en; path = en.lproj/InfoPlist.strings; sourceTree = "<group>"; };
		49965ED815E954F1008B516D /* NextArrivalSpec.m */ = {isa = PBXFileReference; lastKnownFileType = sourcecode.c.objc; path = NextArrivalSpec.m; sourceTree = "<group>"; };
		49965EE215E956A0008B516D /* Kiwi.xcodeproj */ = {isa = PBXFileReference; lastKnownFileType = "wrapper.pb-project"; name = Kiwi.xcodeproj; path = Frameworks/Kiwi/Kiwi.xcodeproj; sourceTree = "<group>"; };
		49965EF915E95C4D008B516D /* NextArrivalViewController.h */ = {isa = PBXFileReference; fileEncoding = 4; lastKnownFileType = sourcecode.c.h; path = NextArrivalViewController.h; sourceTree = "<group>"; };
		49965EFA15E95C4D008B516D /* NextArrivalViewController.m */ = {isa = PBXFileReference; fileEncoding = 4; lastKnownFileType = sourcecode.c.objc; path = NextArrivalViewController.m; sourceTree = "<group>"; };
		49965EFE15E96069008B516D /* NextBusRouteFetcher.h */ = {isa = PBXFileReference; fileEncoding = 4; lastKnownFileType = sourcecode.c.h; path = NextBusRouteFetcher.h; sourceTree = "<group>"; };
		49965EFF15E96069008B516D /* NextBusRouteFetcher.m */ = {isa = PBXFileReference; fileEncoding = 4; lastKnownFileType = sourcecode.c.objc; path = NextBusRouteFetcher.m; sourceTree = "<group>"; };
		49965F0215E9665D008B516D /* KIF.xcodeproj */ = {isa = PBXFileReference; lastKnownFileType = "wrapper.pb-project"; name = KIF.xcodeproj; path = Frameworks/KIF/KIF.xcodeproj; sourceTree = "<group>"; };
		49965F1A15E9666D008B516D /* StopsEndEndTests.app */ = {isa = PBXFileReference; explicitFileType = wrapper.application; includeInIndex = 0; path = StopsEndEndTests.app; sourceTree = BUILT_PRODUCTS_DIR; };
		49965F1C15E9666E008B516D /* Stops copy-Info.plist */ = {isa = PBXFileReference; lastKnownFileType = text.plist.xml; name = "Stops copy-Info.plist"; path = "/Users/andrew/dev/Stops/Stops copy-Info.plist"; sourceTree = "<absolute>"; };
		49965F1F15E9673F008B516D /* STestController.h */ = {isa = PBXFileReference; fileEncoding = 4; lastKnownFileType = sourcecode.c.h; name = STestController.h; path = StopsEndEndTests/STestController.h; sourceTree = "<group>"; };
		49965F2015E9673F008B516D /* STestController.m */ = {isa = PBXFileReference; fileEncoding = 4; lastKnownFileType = sourcecode.c.objc; name = STestController.m; path = StopsEndEndTests/STestController.m; sourceTree = "<group>"; };
		49965F2215E9678F008B516D /* KIFTestScenario+SAdditions.h */ = {isa = PBXFileReference; fileEncoding = 4; lastKnownFileType = sourcecode.c.h; name = "KIFTestScenario+SAdditions.h"; path = "StopsEndEndTests/KIFTestScenario+SAdditions.h"; sourceTree = "<group>"; };
		49965F2315E9678F008B516D /* KIFTestScenario+SAdditions.m */ = {isa = PBXFileReference; fileEncoding = 4; lastKnownFileType = sourcecode.c.objc; name = "KIFTestScenario+SAdditions.m"; path = "StopsEndEndTests/KIFTestScenario+SAdditions.m"; sourceTree = "<group>"; };
		49965F2515E9686F008B516D /* KIFTestStep+SAdditions.h */ = {isa = PBXFileReference; fileEncoding = 4; lastKnownFileType = sourcecode.c.h; name = "KIFTestStep+SAdditions.h"; path = "StopsEndEndTests/KIFTestStep+SAdditions.h"; sourceTree = "<group>"; };
		49965F2615E9686F008B516D /* KIFTestStep+SAdditions.m */ = {isa = PBXFileReference; fileEncoding = 4; lastKnownFileType = sourcecode.c.objc; name = "KIFTestStep+SAdditions.m"; path = "StopsEndEndTests/KIFTestStep+SAdditions.m"; sourceTree = "<group>"; };
		499CEFF515E99D29000AECBF /* Direction.h */ = {isa = PBXFileReference; fileEncoding = 4; lastKnownFileType = sourcecode.c.h; path = Direction.h; sourceTree = "<group>"; };
		499CEFF615E99D29000AECBF /* Direction.m */ = {isa = PBXFileReference; fileEncoding = 4; lastKnownFileType = sourcecode.c.objc; path = Direction.m; sourceTree = "<group>"; };
		49A1718215E9979F008ED4C9 /* RouteField.h */ = {isa = PBXFileReference; fileEncoding = 4; lastKnownFileType = sourcecode.c.h; path = RouteField.h; sourceTree = "<group>"; };
		49A1718315E9979F008ED4C9 /* RouteField.m */ = {isa = PBXFileReference; fileEncoding = 4; lastKnownFileType = sourcecode.c.objc; path = RouteField.m; sourceTree = "<group>"; };
		49A1718715E99872008ED4C9 /* MainSubmitButton.h */ = {isa = PBXFileReference; fileEncoding = 4; lastKnownFileType = sourcecode.c.h; path = MainSubmitButton.h; sourceTree = "<group>"; };
		49A1718815E99872008ED4C9 /* MainSubmitButton.m */ = {isa = PBXFileReference; fileEncoding = 4; lastKnownFileType = sourcecode.c.objc; path = MainSubmitButton.m; sourceTree = "<group>"; };
		49EB73C115EAC8F500A3F520 /* 43directionsresponse.xml */ = {isa = PBXFileReference; fileEncoding = 4; lastKnownFileType = text.xml; path = 43directionsresponse.xml; sourceTree = "<group>"; };
		49EB73C615EAD0D900A3F520 /* XMLFixture.h */ = {isa = PBXFileReference; fileEncoding = 4; lastKnownFileType = sourcecode.c.h; path = XMLFixture.h; sourceTree = "<group>"; };
		49EB73C715EAD0D900A3F520 /* XMLFixture.m */ = {isa = PBXFileReference; fileEncoding = 4; lastKnownFileType = sourcecode.c.objc; path = XMLFixture.m; sourceTree = "<group>"; };
/* End PBXFileReference section */

/* Begin PBXFrameworksBuildPhase section */
		49965EAC15E954F1008B516D /* Frameworks */ = {
			isa = PBXFrameworksBuildPhase;
			buildActionMask = 2147483647;
			files = (
				49965EB415E954F1008B516D /* UIKit.framework in Frameworks */,
				49965EB615E954F1008B516D /* Foundation.framework in Frameworks */,
				49965EB815E954F1008B516D /* CoreGraphics.framework in Frameworks */,
			);
			runOnlyForDeploymentPostprocessing = 0;
		};
		49965EC615E954F1008B516D /* Frameworks */ = {
			isa = PBXFrameworksBuildPhase;
			buildActionMask = 2147483647;
			files = (
				49965EF715E95B94008B516D /* libKiwi.a in Frameworks */,
				49965ECC15E954F1008B516D /* SenTestingKit.framework in Frameworks */,
				49965ECD15E954F1008B516D /* UIKit.framework in Frameworks */,
				49965ECE15E954F1008B516D /* Foundation.framework in Frameworks */,
				4927A94015F43040001E72C6 /* libOCMock.a in Frameworks */,
			);
			runOnlyForDeploymentPostprocessing = 0;
		};
		49965F1115E9666D008B516D /* Frameworks */ = {
			isa = PBXFrameworksBuildPhase;
			buildActionMask = 2147483647;
			files = (
				49965F1D15E9669B008B516D /* libKIF.a in Frameworks */,
				49965F1215E9666D008B516D /* UIKit.framework in Frameworks */,
				49965F1315E9666D008B516D /* Foundation.framework in Frameworks */,
				49965F1415E9666D008B516D /* CoreGraphics.framework in Frameworks */,
			);
			runOnlyForDeploymentPostprocessing = 0;
		};
/* End PBXFrameworksBuildPhase section */

/* Begin PBXGroup section */
		4927A93615F43038001E72C6 /* OCMock */ = {
			isa = PBXGroup;
			children = (
				4927A93715F43038001E72C6 /* libOCMock.a */,
				4927A93815F43038001E72C6 /* OCMock */,
			);
			name = OCMock;
			path = Frameworks/OCMock;
			sourceTree = "<group>";
		};
		4927A93815F43038001E72C6 /* OCMock */ = {
			isa = PBXGroup;
			children = (
				4927A93915F43038001E72C6 /* NSNotificationCenter+OCMAdditions.h */,
				4927A93A15F43038001E72C6 /* OCMArg.h */,
				4927A93B15F43038001E72C6 /* OCMConstraint.h */,
				4927A93C15F43038001E72C6 /* OCMock.h */,
				4927A93D15F43038001E72C6 /* OCMockObject.h */,
				4927A93E15F43038001E72C6 /* OCMockRecorder.h */,
			);
			path = OCMock;
			sourceTree = "<group>";
		};
		493809DD15E995BA00CAD3F1 /* Views */ = {
			isa = PBXGroup;
			children = (
				493809DE15E995D600CAD3F1 /* StopsActivityIndicatorView.h */,
				493809DF15E995D600CAD3F1 /* StopsActivityIndicatorView.m */,
				49A1718215E9979F008ED4C9 /* RouteField.h */,
				49A1718315E9979F008ED4C9 /* RouteField.m */,
				49A1718715E99872008ED4C9 /* MainSubmitButton.h */,
				49A1718815E99872008ED4C9 /* MainSubmitButton.m */,
			);
			name = Views;
			sourceTree = "<group>";
		};
		497A5D9215F3BCD2003F70EA /* Protocols */ = {
			isa = PBXGroup;
			children = (
				497A5D9315F3BCF0003F70EA /* ActivityDelegate.h */,
				4927E6E215E9B88000AADD70 /* DirectionRecipient.h */,
				4958F53D15FC59FB0032A0F1 /* Predictor.h */,
				4958F54D15FCEC670032A0F1 /* PredictionRecipient.h */,
			);
			name = Protocols;
			sourceTree = "<group>";
		};
		497A5D9415F3BD4F003F70EA /* Services */ = {
			isa = PBXGroup;
			children = (
				49965EFE15E96069008B516D /* NextBusRouteFetcher.h */,
				49965EFF15E96069008B516D /* NextBusRouteFetcher.m */,
				497A5D9515F3C52F003F70EA /* ActivityIndicator.h */,
				497A5D9615F3C52F003F70EA /* ActivityIndicator.m */,
				4958F54215FC69230032A0F1 /* NextBusPredictor.h */,
				4958F54315FC69230032A0F1 /* NextBusPredictor.m */,
			);
			name = Services;
			sourceTree = "<group>";
		};
		49965EA415E954F1008B516D = {
			isa = PBXGroup;
			children = (
				49965EB915E954F1008B516D /* Stops */,
				49965ED115E954F1008B516D /* StopsTests */,
				49965F1E15E96712008B516D /* StopsEndEndTests */,
				49965EB215E954F1008B516D /* Frameworks */,
				49965EB015E954F1008B516D /* Products */,
				49965F1C15E9666E008B516D /* Stops copy-Info.plist */,
			);
			sourceTree = "<group>";
		};
		49965EB015E954F1008B516D /* Products */ = {
			isa = PBXGroup;
			children = (
				49965EAF15E954F1008B516D /* Stops.app */,
				49965ECA15E954F1008B516D /* StopsTests.octest */,
				49965F1A15E9666D008B516D /* StopsEndEndTests.app */,
			);
			name = Products;
			sourceTree = "<group>";
		};
		49965EB215E954F1008B516D /* Frameworks */ = {
			isa = PBXGroup;
			children = (
				4927A93615F43038001E72C6 /* OCMock */,
				49965EE215E956A0008B516D /* Kiwi.xcodeproj */,
				49965F0215E9665D008B516D /* KIF.xcodeproj */,
				49965EB315E954F1008B516D /* UIKit.framework */,
				49965EB515E954F1008B516D /* Foundation.framework */,
				49965EB715E954F1008B516D /* CoreGraphics.framework */,
				49965ECB15E954F1008B516D /* SenTestingKit.framework */,
			);
			name = Frameworks;
			sourceTree = "<group>";
		};
		49965EB915E954F1008B516D /* Stops */ = {
			isa = PBXGroup;
			children = (
				49965EC215E954F1008B516D /* AppDelegate.h */,
				49965EC315E954F1008B516D /* AppDelegate.m */,
				499CEFF415E99D0B000AECBF /* Values */,
				49965EFD15E96057008B516D /* Objects */,
				497A5D9215F3BCD2003F70EA /* Protocols */,
				49965EBA15E954F1008B516D /* Supporting Files */,
			);
			path = Stops;
			sourceTree = "<group>";
		};
		49965EBA15E954F1008B516D /* Supporting Files */ = {
			isa = PBXGroup;
			children = (
				49965EBB15E954F1008B516D /* Stops-Info.plist */,
				49965EBC15E954F1008B516D /* InfoPlist.strings */,
				49965EBF15E954F1008B516D /* main.m */,
				49965EC115E954F1008B516D /* Stops-Prefix.pch */,
			);
			name = "Supporting Files";
			sourceTree = "<group>";
		};
		49965ED115E954F1008B516D /* StopsTests */ = {
			isa = PBXGroup;
			children = (
				49EB73C015EAC8DF00A3F520 /* Fixtures */,
				49965ED215E954F1008B516D /* Supporting Files */,
				49EB73C615EAD0D900A3F520 /* XMLFixture.h */,
				49EB73C715EAD0D900A3F520 /* XMLFixture.m */,
				497B641415EAEC820050CC2A /* FakeRouteRecipient.h */,
				497B641515EAEC820050CC2A /* FakeRouteRecipient.m */,
				49965ED815E954F1008B516D /* NextArrivalSpec.m */,
				4927E6D915E9B33500AADD70 /* RouteFetcherSpec.m */,
				493CC8E815E9C31A0056A257 /* DirectionSpec.m */,
				494CB61315F1C79E00152AB3 /* StopSpec.m */,
				497A5D9A15F3C66A003F70EA /* ActivityIndicatorSpec.m */,
				4958F54B15FCEBA10032A0F1 /* PredictionSpec.m */,
				4958F54F15FCF7FC0032A0F1 /* NextBusPredictorSpec.m */,
			);
			path = StopsTests;
			sourceTree = "<group>";
		};
		49965ED215E954F1008B516D /* Supporting Files */ = {
			isa = PBXGroup;
			children = (
				49965ED315E954F1008B516D /* StopsTests-Info.plist */,
				49965ED415E954F1008B516D /* InfoPlist.strings */,
			);
			name = "Supporting Files";
			sourceTree = "<group>";
		};
		49965EE315E956A0008B516D /* Products */ = {
			isa = PBXGroup;
			children = (
				49965EEE15E956A0008B516D /* libKiwi.a */,
				49965EF015E956A0008B516D /* libKiwi-OSX.a */,
				49965EF215E956A0008B516D /* KiwiTests.octest */,
				49965EF415E956A0008B516D /* KiwiExamples.octest */,
			);
			name = Products;
			sourceTree = "<group>";
		};
		49965EF815E95C33008B516D /* ViewControllers */ = {
			isa = PBXGroup;
			children = (
				49965EF915E95C4D008B516D /* NextArrivalViewController.h */,
				49965EFA15E95C4D008B516D /* NextArrivalViewController.m */,
			);
			name = ViewControllers;
			sourceTree = "<group>";
		};
		49965EFD15E96057008B516D /* Objects */ = {
			isa = PBXGroup;
			children = (
				49965EF815E95C33008B516D /* ViewControllers */,
				493809DD15E995BA00CAD3F1 /* Views */,
				497A5D9415F3BD4F003F70EA /* Services */,
			);
			name = Objects;
			sourceTree = "<group>";
		};
		49965F0315E9665D008B516D /* Products */ = {
			isa = PBXGroup;
			children = (
				49965F0A15E9665D008B516D /* libKIF.a */,
			);
			name = Products;
			sourceTree = "<group>";
		};
		49965F1E15E96712008B516D /* StopsEndEndTests */ = {
			isa = PBXGroup;
			children = (
				49965F1F15E9673F008B516D /* STestController.h */,
				49965F2015E9673F008B516D /* STestController.m */,
				49965F2215E9678F008B516D /* KIFTestScenario+SAdditions.h */,
				49965F2315E9678F008B516D /* KIFTestScenario+SAdditions.m */,
				49965F2515E9686F008B516D /* KIFTestStep+SAdditions.h */,
				49965F2615E9686F008B516D /* KIFTestStep+SAdditions.m */,
			);
			name = StopsEndEndTests;
			sourceTree = "<group>";
		};
		499CEFF415E99D0B000AECBF /* Values */ = {
			isa = PBXGroup;
			children = (
				499CEFF515E99D29000AECBF /* Direction.h */,
				499CEFF615E99D29000AECBF /* Direction.m */,
				494CB60C15F1C20300152AB3 /* Stop.h */,
				494CB60D15F1C20300152AB3 /* Stop.m */,
				4958F54615FCEB170032A0F1 /* Prediction.h */,
				4958F54715FCEB170032A0F1 /* Prediction.m */,
			);
			name = Values;
			sourceTree = "<group>";
		};
		49EB73C015EAC8DF00A3F520 /* Fixtures */ = {
			isa = PBXGroup;
			children = (
				49EB73C115EAC8F500A3F520 /* 43directionsresponse.xml */,
			);
			name = Fixtures;
			sourceTree = "<group>";
		};
/* End PBXGroup section */

/* Begin PBXNativeTarget section */
		49965EAE15E954F1008B516D /* Stops */ = {
			isa = PBXNativeTarget;
			buildConfigurationList = 49965EDC15E954F1008B516D /* Build configuration list for PBXNativeTarget "Stops" */;
			buildPhases = (
				49965EAB15E954F1008B516D /* Sources */,
				49965EAC15E954F1008B516D /* Frameworks */,
				49965EAD15E954F1008B516D /* Resources */,
			);
			buildRules = (
			);
			dependencies = (
			);
			name = Stops;
			productName = Stops;
			productReference = 49965EAF15E954F1008B516D /* Stops.app */;
			productType = "com.apple.product-type.application";
		};
		49965EC915E954F1008B516D /* StopsTests */ = {
			isa = PBXNativeTarget;
			buildConfigurationList = 49965EDF15E954F1008B516D /* Build configuration list for PBXNativeTarget "StopsTests" */;
			buildPhases = (
				49965EC515E954F1008B516D /* Sources */,
				49965EC615E954F1008B516D /* Frameworks */,
				49965EC715E954F1008B516D /* Resources */,
				49965EC815E954F1008B516D /* ShellScript */,
			);
			buildRules = (
			);
			dependencies = (
				49965ED015E954F1008B516D /* PBXTargetDependency */,
			);
			name = StopsTests;
			productName = StopsTests;
			productReference = 49965ECA15E954F1008B516D /* StopsTests.octest */;
			productType = "com.apple.product-type.bundle";
		};
		49965F0B15E9666D008B516D /* StopsEndEndTests */ = {
			isa = PBXNativeTarget;
			buildConfigurationList = 49965F1715E9666D008B516D /* Build configuration list for PBXNativeTarget "StopsEndEndTests" */;
			buildPhases = (
				49965F0C15E9666D008B516D /* Sources */,
				49965F1115E9666D008B516D /* Frameworks */,
				49965F1515E9666D008B516D /* Resources */,
			);
			buildRules = (
			);
			dependencies = (
			);
			name = StopsEndEndTests;
			productName = Stops;
			productReference = 49965F1A15E9666D008B516D /* StopsEndEndTests.app */;
			productType = "com.apple.product-type.application";
		};
/* End PBXNativeTarget section */

/* Begin PBXProject section */
		49965EA615E954F1008B516D /* Project object */ = {
			isa = PBXProject;
			attributes = {
				LastUpgradeCheck = 0440;
				ORGANIZATIONNAME = "Andrew Bruce";
			};
			buildConfigurationList = 49965EA915E954F1008B516D /* Build configuration list for PBXProject "Stops" */;
			compatibilityVersion = "Xcode 3.2";
			developmentRegion = English;
			hasScannedForEncodings = 0;
			knownRegions = (
				en,
			);
			mainGroup = 49965EA415E954F1008B516D;
			productRefGroup = 49965EB015E954F1008B516D /* Products */;
			projectDirPath = "";
			projectReferences = (
				{
					ProductGroup = 49965F0315E9665D008B516D /* Products */;
					ProjectRef = 49965F0215E9665D008B516D /* KIF.xcodeproj */;
				},
				{
					ProductGroup = 49965EE315E956A0008B516D /* Products */;
					ProjectRef = 49965EE215E956A0008B516D /* Kiwi.xcodeproj */;
				},
			);
			projectRoot = "";
			targets = (
				49965EAE15E954F1008B516D /* Stops */,
				49965EC915E954F1008B516D /* StopsTests */,
				49965F0B15E9666D008B516D /* StopsEndEndTests */,
			);
		};
/* End PBXProject section */

/* Begin PBXReferenceProxy section */
		49965EEE15E956A0008B516D /* libKiwi.a */ = {
			isa = PBXReferenceProxy;
			fileType = archive.ar;
			path = libKiwi.a;
			remoteRef = 49965EED15E956A0008B516D /* PBXContainerItemProxy */;
			sourceTree = BUILT_PRODUCTS_DIR;
		};
		49965EF015E956A0008B516D /* libKiwi-OSX.a */ = {
			isa = PBXReferenceProxy;
			fileType = archive.ar;
			path = "libKiwi-OSX.a";
			remoteRef = 49965EEF15E956A0008B516D /* PBXContainerItemProxy */;
			sourceTree = BUILT_PRODUCTS_DIR;
		};
		49965EF215E956A0008B516D /* KiwiTests.octest */ = {
			isa = PBXReferenceProxy;
			fileType = wrapper.cfbundle;
			path = KiwiTests.octest;
			remoteRef = 49965EF115E956A0008B516D /* PBXContainerItemProxy */;
			sourceTree = BUILT_PRODUCTS_DIR;
		};
		49965EF415E956A0008B516D /* KiwiExamples.octest */ = {
			isa = PBXReferenceProxy;
			fileType = wrapper.cfbundle;
			path = KiwiExamples.octest;
			remoteRef = 49965EF315E956A0008B516D /* PBXContainerItemProxy */;
			sourceTree = BUILT_PRODUCTS_DIR;
		};
		49965F0A15E9665D008B516D /* libKIF.a */ = {
			isa = PBXReferenceProxy;
			fileType = archive.ar;
			path = libKIF.a;
			remoteRef = 49965F0915E9665D008B516D /* PBXContainerItemProxy */;
			sourceTree = BUILT_PRODUCTS_DIR;
		};
/* End PBXReferenceProxy section */

/* Begin PBXResourcesBuildPhase section */
		49965EAD15E954F1008B516D /* Resources */ = {
			isa = PBXResourcesBuildPhase;
			buildActionMask = 2147483647;
			files = (
				49965EBE15E954F1008B516D /* InfoPlist.strings in Resources */,
			);
			runOnlyForDeploymentPostprocessing = 0;
		};
		49965EC715E954F1008B516D /* Resources */ = {
			isa = PBXResourcesBuildPhase;
			buildActionMask = 2147483647;
			files = (
				49EB73C515EAD06200A3F520 /* 43directionsresponse.xml in Resources */,
				49965ED615E954F1008B516D /* InfoPlist.strings in Resources */,
			);
			runOnlyForDeploymentPostprocessing = 0;
		};
		49965F1515E9666D008B516D /* Resources */ = {
			isa = PBXResourcesBuildPhase;
			buildActionMask = 2147483647;
			files = (
				49965F1615E9666D008B516D /* InfoPlist.strings in Resources */,
			);
			runOnlyForDeploymentPostprocessing = 0;
		};
/* End PBXResourcesBuildPhase section */

/* Begin PBXShellScriptBuildPhase section */
		49965EC815E954F1008B516D /* ShellScript */ = {
			isa = PBXShellScriptBuildPhase;
			buildActionMask = 2147483647;
			files = (
			);
			inputPaths = (
			);
			outputPaths = (
			);
			runOnlyForDeploymentPostprocessing = 0;
			shellPath = /bin/sh;
			shellScript = "# Run the unit tests in this test bundle.\n\"${SYSTEM_DEVELOPER_DIR}/Tools/RunUnitTests\"\n";
		};
/* End PBXShellScriptBuildPhase section */

/* Begin PBXSourcesBuildPhase section */
		49965EAB15E954F1008B516D /* Sources */ = {
			isa = PBXSourcesBuildPhase;
			buildActionMask = 2147483647;
			files = (
				49965EC015E954F1008B516D /* main.m in Sources */,
				49965EC415E954F1008B516D /* AppDelegate.m in Sources */,
				49965EFB15E95C4D008B516D /* NextArrivalViewController.m in Sources */,
				49965F0015E96069008B516D /* NextBusRouteFetcher.m in Sources */,
				493809E015E995D600CAD3F1 /* StopsActivityIndicatorView.m in Sources */,
				49A1718415E9979F008ED4C9 /* RouteField.m in Sources */,
				49A1718915E99872008ED4C9 /* MainSubmitButton.m in Sources */,
				499CEFF715E99D29000AECBF /* Direction.m in Sources */,
				494CB60E15F1C20300152AB3 /* Stop.m in Sources */,
				497A5D9715F3C52F003F70EA /* ActivityIndicator.m in Sources */,
				4958F54415FC69240032A0F1 /* NextBusPredictor.m in Sources */,
				4958F54815FCEB170032A0F1 /* Prediction.m in Sources */,
			);
			runOnlyForDeploymentPostprocessing = 0;
		};
		49965EC515E954F1008B516D /* Sources */ = {
			isa = PBXSourcesBuildPhase;
			buildActionMask = 2147483647;
			files = (
				49965ED915E954F1008B516D /* NextArrivalSpec.m in Sources */,
				4927E6DA15E9B33500AADD70 /* RouteFetcherSpec.m in Sources */,
				493CC8E915E9C31A0056A257 /* DirectionSpec.m in Sources */,
				49EB73C815EAD0D900A3F520 /* XMLFixture.m in Sources */,
				497B641615EAEC820050CC2A /* FakeRouteRecipient.m in Sources */,
				494CB61415F1C79E00152AB3 /* StopSpec.m in Sources */,
				497A5D9B15F3C66A003F70EA /* ActivityIndicatorSpec.m in Sources */,
				4958F54C15FCEBA10032A0F1 /* PredictionSpec.m in Sources */,
				4958F55015FCF7FC0032A0F1 /* NextBusPredictorSpec.m in Sources */,
			);
			runOnlyForDeploymentPostprocessing = 0;
		};
		49965F0C15E9666D008B516D /* Sources */ = {
			isa = PBXSourcesBuildPhase;
			buildActionMask = 2147483647;
			files = (
				49965F0D15E9666D008B516D /* main.m in Sources */,
				49965F0E15E9666D008B516D /* AppDelegate.m in Sources */,
				49965F0F15E9666D008B516D /* NextArrivalViewController.m in Sources */,
				49965F1015E9666D008B516D /* NextBusRouteFetcher.m in Sources */,
				49965F2115E9673F008B516D /* STestController.m in Sources */,
				49965F2415E9678F008B516D /* KIFTestScenario+SAdditions.m in Sources */,
				49965F2715E9686F008B516D /* KIFTestStep+SAdditions.m in Sources */,
				493809E215E995D600CAD3F1 /* StopsActivityIndicatorView.m in Sources */,
				49A1718615E9979F008ED4C9 /* RouteField.m in Sources */,
				49A1718B15E99872008ED4C9 /* MainSubmitButton.m in Sources */,
				499CEFF915E99D29000AECBF /* Direction.m in Sources */,
				494CB61015F1C20300152AB3 /* Stop.m in Sources */,
				497A5D9815F3C52F003F70EA /* ActivityIndicator.m in Sources */,
				4958F54515FC69240032A0F1 /* NextBusPredictor.m in Sources */,
				4958F54915FCEB170032A0F1 /* Prediction.m in Sources */,
			);
			runOnlyForDeploymentPostprocessing = 0;
		};
/* End PBXSourcesBuildPhase section */

/* Begin PBXTargetDependency section */
		49965ED015E954F1008B516D /* PBXTargetDependency */ = {
			isa = PBXTargetDependency;
			target = 49965EAE15E954F1008B516D /* Stops */;
			targetProxy = 49965ECF15E954F1008B516D /* PBXContainerItemProxy */;
		};
/* End PBXTargetDependency section */

/* Begin PBXVariantGroup section */
		49965EBC15E954F1008B516D /* InfoPlist.strings */ = {
			isa = PBXVariantGroup;
			children = (
				49965EBD15E954F1008B516D /* en */,
			);
			name = InfoPlist.strings;
			sourceTree = "<group>";
		};
		49965ED415E954F1008B516D /* InfoPlist.strings */ = {
			isa = PBXVariantGroup;
			children = (
				49965ED515E954F1008B516D /* en */,
			);
			name = InfoPlist.strings;
			sourceTree = "<group>";
		};
/* End PBXVariantGroup section */

/* Begin XCBuildConfiguration section */
		49965EDA15E954F1008B516D /* Debug */ = {
			isa = XCBuildConfiguration;
			buildSettings = {
				ALWAYS_SEARCH_USER_PATHS = NO;
				ARCHS = "$(ARCHS_STANDARD_32_BIT)";
				CLANG_CXX_LANGUAGE_STANDARD = "gnu++0x";
				CLANG_ENABLE_OBJC_ARC = YES;
				CLANG_WARN__DUPLICATE_METHOD_MATCH = YES;
				"CODE_SIGN_IDENTITY[sdk=iphoneos*]" = "iPhone Developer";
				COPY_PHASE_STRIP = NO;
				GCC_C_LANGUAGE_STANDARD = gnu99;
				GCC_DYNAMIC_NO_PIC = NO;
				GCC_OPTIMIZATION_LEVEL = 0;
				GCC_PREPROCESSOR_DEFINITIONS = (
					"DEBUG=1",
					"$(inherited)",
				);
				GCC_SYMBOLS_PRIVATE_EXTERN = NO;
				GCC_VERSION = com.apple.compilers.llvm.clang.1_0;
				GCC_WARN_ABOUT_RETURN_TYPE = YES;
				GCC_WARN_UNINITIALIZED_AUTOS = YES;
				GCC_WARN_UNUSED_VARIABLE = YES;
				IPHONEOS_DEPLOYMENT_TARGET = 5.1;
				SDKROOT = iphoneos;
				TARGETED_DEVICE_FAMILY = "1,2";
			};
			name = Debug;
		};
		49965EDB15E954F1008B516D /* Release */ = {
			isa = XCBuildConfiguration;
			buildSettings = {
				ALWAYS_SEARCH_USER_PATHS = NO;
				ARCHS = "$(ARCHS_STANDARD_32_BIT)";
				CLANG_CXX_LANGUAGE_STANDARD = "gnu++0x";
				CLANG_ENABLE_OBJC_ARC = YES;
				CLANG_WARN__DUPLICATE_METHOD_MATCH = YES;
				"CODE_SIGN_IDENTITY[sdk=iphoneos*]" = "iPhone Developer";
				COPY_PHASE_STRIP = YES;
				GCC_C_LANGUAGE_STANDARD = gnu99;
				GCC_VERSION = com.apple.compilers.llvm.clang.1_0;
				GCC_WARN_ABOUT_RETURN_TYPE = YES;
				GCC_WARN_UNINITIALIZED_AUTOS = YES;
				GCC_WARN_UNUSED_VARIABLE = YES;
				IPHONEOS_DEPLOYMENT_TARGET = 5.1;
				OTHER_CFLAGS = "-DNS_BLOCK_ASSERTIONS=1";
				SDKROOT = iphoneos;
				TARGETED_DEVICE_FAMILY = "1,2";
				VALIDATE_PRODUCT = YES;
			};
			name = Release;
		};
		49965EDD15E954F1008B516D /* Debug */ = {
			isa = XCBuildConfiguration;
			buildSettings = {
				GCC_PRECOMPILE_PREFIX_HEADER = YES;
				GCC_PREFIX_HEADER = "Stops/Stops-Prefix.pch";
				INFOPLIST_FILE = "Stops/Stops-Info.plist";
				PRODUCT_NAME = "$(TARGET_NAME)";
				USER_HEADER_SEARCH_PATHS = "";
				WRAPPER_EXTENSION = app;
			};
			name = Debug;
		};
		49965EDE15E954F1008B516D /* Release */ = {
			isa = XCBuildConfiguration;
			buildSettings = {
				GCC_PRECOMPILE_PREFIX_HEADER = YES;
				GCC_PREFIX_HEADER = "Stops/Stops-Prefix.pch";
				INFOPLIST_FILE = "Stops/Stops-Info.plist";
				PRODUCT_NAME = "$(TARGET_NAME)";
				USER_HEADER_SEARCH_PATHS = "";
				WRAPPER_EXTENSION = app;
			};
			name = Release;
		};
		49965EE015E954F1008B516D /* Debug */ = {
			isa = XCBuildConfiguration;
			buildSettings = {
				BUNDLE_LOADER = "$(BUILT_PRODUCTS_DIR)/Stops.app/Stops";
				FRAMEWORK_SEARCH_PATHS = (
					"\"$(SDKROOT)/Developer/Library/Frameworks\"",
					"\"$(DEVELOPER_LIBRARY_DIR)/Frameworks\"",
				);
				GCC_PRECOMPILE_PREFIX_HEADER = YES;
				GCC_PREFIX_HEADER = "Stops/Stops-Prefix.pch";
				HEADER_SEARCH_PATHS = "$(SRCROOT)/Frameworks/OCMock/**";
				INFOPLIST_FILE = "StopsTests/StopsTests-Info.plist";
				LIBRARY_SEARCH_PATHS = (
					"$(inherited)",
					"\"$(SRCROOT)/Frameworks/OCMock\"",
				);
				OTHER_LDFLAGS = "-all_load";
				PRODUCT_NAME = "$(TARGET_NAME)";
				TEST_HOST = "$(BUNDLE_LOADER)";
				USER_HEADER_SEARCH_PATHS = "$(SOURCE_ROOT)/Frameworks/Kiwi/Kiwi";
				WRAPPER_EXTENSION = octest;
			};
			name = Debug;
		};
		49965EE115E954F1008B516D /* Release */ = {
			isa = XCBuildConfiguration;
			buildSettings = {
				BUNDLE_LOADER = "$(BUILT_PRODUCTS_DIR)/Stops.app/Stops";
				FRAMEWORK_SEARCH_PATHS = (
					"\"$(SDKROOT)/Developer/Library/Frameworks\"",
					"\"$(DEVELOPER_LIBRARY_DIR)/Frameworks\"",
				);
				GCC_PRECOMPILE_PREFIX_HEADER = YES;
				GCC_PREFIX_HEADER = "Stops/Stops-Prefix.pch";
				HEADER_SEARCH_PATHS = "$(SRCROOT)/Frameworks/OCMock/**";
				INFOPLIST_FILE = "StopsTests/StopsTests-Info.plist";
				LIBRARY_SEARCH_PATHS = (
					"$(inherited)",
					"\"$(SRCROOT)/Frameworks/OCMock\"",
				);
				OTHER_LDFLAGS = "-all_load";
				PRODUCT_NAME = "$(TARGET_NAME)";
				TEST_HOST = "$(BUNDLE_LOADER)";
				USER_HEADER_SEARCH_PATHS = "$(SOURCE_ROOT)/Frameworks/Kiwi/Kiwi";
				WRAPPER_EXTENSION = octest;
			};
			name = Release;
		};
		49965F1815E9666D008B516D /* Debug */ = {
			isa = XCBuildConfiguration;
			buildSettings = {
				GCC_PRECOMPILE_PREFIX_HEADER = YES;
				GCC_PREFIX_HEADER = "Stops/Stops-Prefix.pch";
				GCC_PREPROCESSOR_DEFINITIONS = (
					"$(inherited)",
					"RUN_KIF_TESTS=1",
				);
				HEADER_SEARCH_PATHS = (
					"$(inherited)",
					"$(SRCROOT)/Frameworks/KIF/**",
				);
				INFOPLIST_FILE = "Stops copy-Info.plist";
				OTHER_LDFLAGS = (
					"-ObjC",
					"-all_load",
				);
				PRODUCT_NAME = StopsEndEndTests;
				USER_HEADER_SEARCH_PATHS = "";
				WRAPPER_EXTENSION = app;
			};
			name = Debug;
		};
		49965F1915E9666D008B516D /* Release */ = {
			isa = XCBuildConfiguration;
			buildSettings = {
				GCC_PRECOMPILE_PREFIX_HEADER = YES;
				GCC_PREFIX_HEADER = "Stops/Stops-Prefix.pch";
				GCC_PREPROCESSOR_DEFINITIONS = (
					"$(inherited)",
					"RUN_KIF_TESTS=1",
				);
				HEADER_SEARCH_PATHS = (
					"$(inherited)",
					"$(SRCROOT)/Frameworks/KIF/**",
				);
				INFOPLIST_FILE = "Stops copy-Info.plist";
				OTHER_LDFLAGS = (
					"-ObjC",
					"-all_load",
				);
				PRODUCT_NAME = StopsEndEndTests;
				USER_HEADER_SEARCH_PATHS = "";
				WRAPPER_EXTENSION = app;
			};
			name = Release;
		};
/* End XCBuildConfiguration section */

/* Begin XCConfigurationList section */
		49965EA915E954F1008B516D /* Build configuration list for PBXProject "Stops" */ = {
			isa = XCConfigurationList;
			buildConfigurations = (
				49965EDA15E954F1008B516D /* Debug */,
				49965EDB15E954F1008B516D /* Release */,
			);
			defaultConfigurationIsVisible = 0;
			defaultConfigurationName = Release;
		};
		49965EDC15E954F1008B516D /* Build configuration list for PBXNativeTarget "Stops" */ = {
			isa = XCConfigurationList;
			buildConfigurations = (
				49965EDD15E954F1008B516D /* Debug */,
				49965EDE15E954F1008B516D /* Release */,
			);
			defaultConfigurationIsVisible = 0;
			defaultConfigurationName = Release;
		};
		49965EDF15E954F1008B516D /* Build configuration list for PBXNativeTarget "StopsTests" */ = {
			isa = XCConfigurationList;
			buildConfigurations = (
				49965EE015E954F1008B516D /* Debug */,
				49965EE115E954F1008B516D /* Release */,
			);
			defaultConfigurationIsVisible = 0;
			defaultConfigurationName = Release;
		};
		49965F1715E9666D008B516D /* Build configuration list for PBXNativeTarget "StopsEndEndTests" */ = {
			isa = XCConfigurationList;
			buildConfigurations = (
				49965F1815E9666D008B516D /* Debug */,
				49965F1915E9666D008B516D /* Release */,
			);
			defaultConfigurationIsVisible = 0;
			defaultConfigurationName = Release;
		};
/* End XCConfigurationList section */
	};
	rootObject = 49965EA615E954F1008B516D /* Project object */;
}
